// !$*UTF8*$!
{
	archiveVersion = 1;
	classes = {
	};
	objectVersion = 51;
	objects = {

/* Begin PBXBuildFile section */
		0A1C4D10FB36C1BD5B930259 /* Pods_XHUIKitDemoTests.framework in Frameworks */ = {isa = PBXBuildFile; fileRef = FCA68A859769D8BA36AA5D35 /* Pods_XHUIKitDemoTests.framework */; };
		1388A5E12371313B00B06D2B /* AppDelegate.m in Sources */ = {isa = PBXBuildFile; fileRef = 1388A5E02371313B00B06D2B /* AppDelegate.m */; };
		1388A5E42371313B00B06D2B /* SceneDelegate.m in Sources */ = {isa = PBXBuildFile; fileRef = 1388A5E32371313B00B06D2B /* SceneDelegate.m */; };
		1388A5E72371313B00B06D2B /* ViewController.m in Sources */ = {isa = PBXBuildFile; fileRef = 1388A5E62371313B00B06D2B /* ViewController.m */; };
		1388A5EA2371313B00B06D2B /* Main.storyboard in Resources */ = {isa = PBXBuildFile; fileRef = 1388A5E82371313B00B06D2B /* Main.storyboard */; };
		1388A5EC2371313C00B06D2B /* Assets.xcassets in Resources */ = {isa = PBXBuildFile; fileRef = 1388A5EB2371313C00B06D2B /* Assets.xcassets */; };
		1388A5EF2371313C00B06D2B /* LaunchScreen.storyboard in Resources */ = {isa = PBXBuildFile; fileRef = 1388A5ED2371313C00B06D2B /* LaunchScreen.storyboard */; };
		1388A5F22371313C00B06D2B /* main.m in Sources */ = {isa = PBXBuildFile; fileRef = 1388A5F12371313C00B06D2B /* main.m */; };
		1388A5FC2371313D00B06D2B /* XHUIKitDemoTests.m in Sources */ = {isa = PBXBuildFile; fileRef = 1388A5FB2371313D00B06D2B /* XHUIKitDemoTests.m */; };
		1388A6072371313D00B06D2B /* XHUIKitDemoUITests.m in Sources */ = {isa = PBXBuildFile; fileRef = 1388A6062371313D00B06D2B /* XHUIKitDemoUITests.m */; };
		1388A65C237131D200B06D2B /* XHDigitalAnimationLabel.m in Sources */ = {isa = PBXBuildFile; fileRef = 1388A625237131D200B06D2B /* XHDigitalAnimationLabel.m */; };
		1388A65D237131D200B06D2B /* XHTextView.m in Sources */ = {isa = PBXBuildFile; fileRef = 1388A629237131D200B06D2B /* XHTextView.m */; };
		1388A65E237131D200B06D2B /* xhkit.ui.bundle in Resources */ = {isa = PBXBuildFile; fileRef = 1388A62B237131D200B06D2B /* xhkit.ui.bundle */; };
		1388A65F237131D200B06D2B /* XHHorizontalMenuView.m in Sources */ = {isa = PBXBuildFile; fileRef = 1388A62E237131D200B06D2B /* XHHorizontalMenuView.m */; };
		1388A660237131D200B06D2B /* XHCircleShapeLayer.m in Sources */ = {isa = PBXBuildFile; fileRef = 1388A632237131D200B06D2B /* XHCircleShapeLayer.m */; };
		1388A661237131D200B06D2B /* XHCircleProgressView.m in Sources */ = {isa = PBXBuildFile; fileRef = 1388A633237131D200B06D2B /* XHCircleProgressView.m */; };
		1388A662237131D200B06D2B /* XHUIConfiguration.m in Sources */ = {isa = PBXBuildFile; fileRef = 1388A639237131D200B06D2B /* XHUIConfiguration.m */; };
		1388A663237131D200B06D2B /* XHCommonThemeViewController.m in Sources */ = {isa = PBXBuildFile; fileRef = 1388A63B237131D200B06D2B /* XHCommonThemeViewController.m */; };
		1388A664237131D200B06D2B /* XHThemeManager.m in Sources */ = {isa = PBXBuildFile; fileRef = 1388A63C237131D200B06D2B /* XHThemeManager.m */; };
		1388A665237131D200B06D2B /* XHMeterChartView.m in Sources */ = {isa = PBXBuildFile; fileRef = 1388A641237131D200B06D2B /* XHMeterChartView.m */; };
		1388A666237131D200B06D2B /* XHPieChartSliceLayer.m in Sources */ = {isa = PBXBuildFile; fileRef = 1388A642237131D200B06D2B /* XHPieChartSliceLayer.m */; };
		1388A667237131D200B06D2B /* XHBarChat.m in Sources */ = {isa = PBXBuildFile; fileRef = 1388A643237131D200B06D2B /* XHBarChat.m */; };
		1388A668237131D200B06D2B /* XHPieChart.m in Sources */ = {isa = PBXBuildFile; fileRef = 1388A646237131D200B06D2B /* XHPieChart.m */; };
		1388A669237131D200B06D2B /* XHBarChatElement.m in Sources */ = {isa = PBXBuildFile; fileRef = 1388A647237131D200B06D2B /* XHBarChatElement.m */; };
		1388A66A237131D200B06D2B /* XHChartHelper.m in Sources */ = {isa = PBXBuildFile; fileRef = 1388A649237131D200B06D2B /* XHChartHelper.m */; };
		1388A66B237131D200B06D2B /* XHChat.m in Sources */ = {isa = PBXBuildFile; fileRef = 1388A64C237131D200B06D2B /* XHChat.m */; };
		1388A66C237131D200B06D2B /* XHAlertController.m in Sources */ = {isa = PBXBuildFile; fileRef = 1388A64E237131D200B06D2B /* XHAlertController.m */; };
		1388A66D237131D200B06D2B /* XHDropDownMenu.m in Sources */ = {isa = PBXBuildFile; fileRef = 1388A652237131D200B06D2B /* XHDropDownMenu.m */; };
		1388A66E237131D200B06D2B /* XHAdjustmentImageButton.m in Sources */ = {isa = PBXBuildFile; fileRef = 1388A656237131D200B06D2B /* XHAdjustmentImageButton.m */; };
		1388A673237151EC00B06D2B /* XHContainerControl.m in Sources */ = {isa = PBXBuildFile; fileRef = 1388A672237151EC00B06D2B /* XHContainerControl.m */; };
		1388A6752371543F00B06D2B /* XiangHongUIKit.podspec in Resources */ = {isa = PBXBuildFile; fileRef = 1388A6742371543F00B06D2B /* XiangHongUIKit.podspec */; };
		1388A6822371752F00B06D2B /* XHPickerView.m in Sources */ = {isa = PBXBuildFile; fileRef = 1388A67A2371752F00B06D2B /* XHPickerView.m */; };
		1388A6832371752F00B06D2B /* XHDatePicker.m in Sources */ = {isa = PBXBuildFile; fileRef = 1388A67D2371752F00B06D2B /* XHDatePicker.m */; };
		1388A6842371752F00B06D2B /* XHPopupSectionMenu.m in Sources */ = {isa = PBXBuildFile; fileRef = 1388A67E2371752F00B06D2B /* XHPopupSectionMenu.m */; };
		1388A6852371752F00B06D2B /* XHPopupMenu.m in Sources */ = {isa = PBXBuildFile; fileRef = 1388A67F2371752F00B06D2B /* XHPopupMenu.m */; };
		1388A68B23717FBF00B06D2B /* XHSecondMenu.m in Sources */ = {isa = PBXBuildFile; fileRef = 1388A68A23717FBF00B06D2B /* XHSecondMenu.m */; };
		281871E73C29A19799D8D998 /* Pods_XHUIKitDemo_XHUIKitDemoUITests.framework in Frameworks */ = {isa = PBXBuildFile; fileRef = 8E569A897872AA52E9D2C495 /* Pods_XHUIKitDemo_XHUIKitDemoUITests.framework */; };
		AC5159A502407FD0A5E27AD1 /* Pods_XHUIKitDemo.framework in Frameworks */ = {isa = PBXBuildFile; fileRef = 2D8166C6C2B0FEC72874377A /* Pods_XHUIKitDemo.framework */; };
/* End PBXBuildFile section */

/* Begin PBXContainerItemProxy section */
		1388A5F82371313D00B06D2B /* PBXContainerItemProxy */ = {
			isa = PBXContainerItemProxy;
			containerPortal = 1388A5D42371313B00B06D2B /* Project object */;
			proxyType = 1;
			remoteGlobalIDString = 1388A5DB2371313B00B06D2B;
			remoteInfo = XHUIKitDemo;
		};
		1388A6032371313D00B06D2B /* PBXContainerItemProxy */ = {
			isa = PBXContainerItemProxy;
			containerPortal = 1388A5D42371313B00B06D2B /* Project object */;
			proxyType = 1;
			remoteGlobalIDString = 1388A5DB2371313B00B06D2B;
			remoteInfo = XHUIKitDemo;
		};
/* End PBXContainerItemProxy section */

/* Begin PBXFileReference section */
		1388A5DC2371313B00B06D2B /* XHUIKitDemo.app */ = {isa = PBXFileReference; explicitFileType = wrapper.application; includeInIndex = 0; path = XHUIKitDemo.app; sourceTree = BUILT_PRODUCTS_DIR; };
		1388A5DF2371313B00B06D2B /* AppDelegate.h */ = {isa = PBXFileReference; lastKnownFileType = sourcecode.c.h; path = AppDelegate.h; sourceTree = "<group>"; };
		1388A5E02371313B00B06D2B /* AppDelegate.m */ = {isa = PBXFileReference; lastKnownFileType = sourcecode.c.objc; path = AppDelegate.m; sourceTree = "<group>"; };
		1388A5E22371313B00B06D2B /* SceneDelegate.h */ = {isa = PBXFileReference; lastKnownFileType = sourcecode.c.h; path = SceneDelegate.h; sourceTree = "<group>"; };
		1388A5E32371313B00B06D2B /* SceneDelegate.m */ = {isa = PBXFileReference; lastKnownFileType = sourcecode.c.objc; path = SceneDelegate.m; sourceTree = "<group>"; };
		1388A5E52371313B00B06D2B /* ViewController.h */ = {isa = PBXFileReference; lastKnownFileType = sourcecode.c.h; path = ViewController.h; sourceTree = "<group>"; };
		1388A5E62371313B00B06D2B /* ViewController.m */ = {isa = PBXFileReference; lastKnownFileType = sourcecode.c.objc; path = ViewController.m; sourceTree = "<group>"; };
		1388A5E92371313B00B06D2B /* Base */ = {isa = PBXFileReference; lastKnownFileType = file.storyboard; name = Base; path = Base.lproj/Main.storyboard; sourceTree = "<group>"; };
		1388A5EB2371313C00B06D2B /* Assets.xcassets */ = {isa = PBXFileReference; lastKnownFileType = folder.assetcatalog; path = Assets.xcassets; sourceTree = "<group>"; };
		1388A5EE2371313C00B06D2B /* Base */ = {isa = PBXFileReference; lastKnownFileType = file.storyboard; name = Base; path = Base.lproj/LaunchScreen.storyboard; sourceTree = "<group>"; };
		1388A5F02371313C00B06D2B /* Info.plist */ = {isa = PBXFileReference; lastKnownFileType = text.plist.xml; path = Info.plist; sourceTree = "<group>"; };
		1388A5F12371313C00B06D2B /* main.m */ = {isa = PBXFileReference; lastKnownFileType = sourcecode.c.objc; path = main.m; sourceTree = "<group>"; };
		1388A5F72371313D00B06D2B /* XHUIKitDemoTests.xctest */ = {isa = PBXFileReference; explicitFileType = wrapper.cfbundle; includeInIndex = 0; path = XHUIKitDemoTests.xctest; sourceTree = BUILT_PRODUCTS_DIR; };
		1388A5FB2371313D00B06D2B /* XHUIKitDemoTests.m */ = {isa = PBXFileReference; lastKnownFileType = sourcecode.c.objc; path = XHUIKitDemoTests.m; sourceTree = "<group>"; };
		1388A5FD2371313D00B06D2B /* Info.plist */ = {isa = PBXFileReference; lastKnownFileType = text.plist.xml; path = Info.plist; sourceTree = "<group>"; };
		1388A6022371313D00B06D2B /* XHUIKitDemoUITests.xctest */ = {isa = PBXFileReference; explicitFileType = wrapper.cfbundle; includeInIndex = 0; path = XHUIKitDemoUITests.xctest; sourceTree = BUILT_PRODUCTS_DIR; };
		1388A6062371313D00B06D2B /* XHUIKitDemoUITests.m */ = {isa = PBXFileReference; lastKnownFileType = sourcecode.c.objc; path = XHUIKitDemoUITests.m; sourceTree = "<group>"; };
		1388A6082371313D00B06D2B /* Info.plist */ = {isa = PBXFileReference; lastKnownFileType = text.plist.xml; path = Info.plist; sourceTree = "<group>"; };
		1388A625237131D200B06D2B /* XHDigitalAnimationLabel.m */ = {isa = PBXFileReference; fileEncoding = 4; lastKnownFileType = sourcecode.c.objc; path = XHDigitalAnimationLabel.m; sourceTree = "<group>"; };
		1388A626237131D200B06D2B /* XHDigitalAnimationLabel.h */ = {isa = PBXFileReference; fileEncoding = 4; lastKnownFileType = sourcecode.c.h; path = XHDigitalAnimationLabel.h; sourceTree = "<group>"; };
		1388A629237131D200B06D2B /* XHTextView.m */ = {isa = PBXFileReference; fileEncoding = 4; lastKnownFileType = sourcecode.c.objc; path = XHTextView.m; sourceTree = "<group>"; };
		1388A62A237131D200B06D2B /* XHTextView.h */ = {isa = PBXFileReference; fileEncoding = 4; lastKnownFileType = sourcecode.c.h; path = XHTextView.h; sourceTree = "<group>"; };
		1388A62B237131D200B06D2B /* xhkit.ui.bundle */ = {isa = PBXFileReference; lastKnownFileType = "wrapper.plug-in"; path = xhkit.ui.bundle; sourceTree = "<group>"; };
		1388A62D237131D200B06D2B /* XHHorizontalMenuView.h */ = {isa = PBXFileReference; fileEncoding = 4; lastKnownFileType = sourcecode.c.h; path = XHHorizontalMenuView.h; sourceTree = "<group>"; };
		1388A62E237131D200B06D2B /* XHHorizontalMenuView.m */ = {isa = PBXFileReference; fileEncoding = 4; lastKnownFileType = sourcecode.c.objc; path = XHHorizontalMenuView.m; sourceTree = "<group>"; };
		1388A631237131D200B06D2B /* XHCircleProgressView.h */ = {isa = PBXFileReference; fileEncoding = 4; lastKnownFileType = sourcecode.c.h; path = XHCircleProgressView.h; sourceTree = "<group>"; };
		1388A632237131D200B06D2B /* XHCircleShapeLayer.m */ = {isa = PBXFileReference; fileEncoding = 4; lastKnownFileType = sourcecode.c.objc; path = XHCircleShapeLayer.m; sourceTree = "<group>"; };
		1388A633237131D200B06D2B /* XHCircleProgressView.m */ = {isa = PBXFileReference; fileEncoding = 4; lastKnownFileType = sourcecode.c.objc; path = XHCircleProgressView.m; sourceTree = "<group>"; };
		1388A634237131D200B06D2B /* XHCircleShapeLayer.h */ = {isa = PBXFileReference; fileEncoding = 4; lastKnownFileType = sourcecode.c.h; path = XHCircleShapeLayer.h; sourceTree = "<group>"; };
		1388A636237131D200B06D2B /* XHCommonThemeViewController.h */ = {isa = PBXFileReference; fileEncoding = 4; lastKnownFileType = sourcecode.c.h; path = XHCommonThemeViewController.h; sourceTree = "<group>"; };
		1388A637237131D200B06D2B /* XHUIConfigurationThemeMacros.h */ = {isa = PBXFileReference; fileEncoding = 4; lastKnownFileType = sourcecode.c.h; path = XHUIConfigurationThemeMacros.h; sourceTree = "<group>"; };
		1388A638237131D200B06D2B /* XHThemeManager.h */ = {isa = PBXFileReference; fileEncoding = 4; lastKnownFileType = sourcecode.c.h; path = XHThemeManager.h; sourceTree = "<group>"; };
		1388A639237131D200B06D2B /* XHUIConfiguration.m */ = {isa = PBXFileReference; fileEncoding = 4; lastKnownFileType = sourcecode.c.objc; path = XHUIConfiguration.m; sourceTree = "<group>"; };
		1388A63A237131D200B06D2B /* XHThemeProtocol.h */ = {isa = PBXFileReference; fileEncoding = 4; lastKnownFileType = sourcecode.c.h; path = XHThemeProtocol.h; sourceTree = "<group>"; };
		1388A63B237131D200B06D2B /* XHCommonThemeViewController.m */ = {isa = PBXFileReference; fileEncoding = 4; lastKnownFileType = sourcecode.c.objc; path = XHCommonThemeViewController.m; sourceTree = "<group>"; };
		1388A63C237131D200B06D2B /* XHThemeManager.m */ = {isa = PBXFileReference; fileEncoding = 4; lastKnownFileType = sourcecode.c.objc; path = XHThemeManager.m; sourceTree = "<group>"; };
		1388A63D237131D200B06D2B /* XHUIConfiguration.h */ = {isa = PBXFileReference; fileEncoding = 4; lastKnownFileType = sourcecode.c.h; path = XHUIConfiguration.h; sourceTree = "<group>"; };
		1388A63F237131D200B06D2B /* XHBarChatElement.h */ = {isa = PBXFileReference; fileEncoding = 4; lastKnownFileType = sourcecode.c.h; path = XHBarChatElement.h; sourceTree = "<group>"; };
		1388A640237131D200B06D2B /* XHPieChart.h */ = {isa = PBXFileReference; fileEncoding = 4; lastKnownFileType = sourcecode.c.h; path = XHPieChart.h; sourceTree = "<group>"; };
		1388A641237131D200B06D2B /* XHMeterChartView.m */ = {isa = PBXFileReference; fileEncoding = 4; lastKnownFileType = sourcecode.c.objc; path = XHMeterChartView.m; sourceTree = "<group>"; };
		1388A642237131D200B06D2B /* XHPieChartSliceLayer.m */ = {isa = PBXFileReference; fileEncoding = 4; lastKnownFileType = sourcecode.c.objc; path = XHPieChartSliceLayer.m; sourceTree = "<group>"; };
		1388A643237131D200B06D2B /* XHBarChat.m */ = {isa = PBXFileReference; fileEncoding = 4; lastKnownFileType = sourcecode.c.objc; path = XHBarChat.m; sourceTree = "<group>"; };
		1388A644237131D200B06D2B /* XHChartHelper.h */ = {isa = PBXFileReference; fileEncoding = 4; lastKnownFileType = sourcecode.c.h; path = XHChartHelper.h; sourceTree = "<group>"; };
		1388A645237131D200B06D2B /* XHChat.h */ = {isa = PBXFileReference; fileEncoding = 4; lastKnownFileType = sourcecode.c.h; path = XHChat.h; sourceTree = "<group>"; };
		1388A646237131D200B06D2B /* XHPieChart.m */ = {isa = PBXFileReference; fileEncoding = 4; lastKnownFileType = sourcecode.c.objc; path = XHPieChart.m; sourceTree = "<group>"; };
		1388A647237131D200B06D2B /* XHBarChatElement.m */ = {isa = PBXFileReference; fileEncoding = 4; lastKnownFileType = sourcecode.c.objc; path = XHBarChatElement.m; sourceTree = "<group>"; };
		1388A648237131D200B06D2B /* XHBarChat.h */ = {isa = PBXFileReference; fileEncoding = 4; lastKnownFileType = sourcecode.c.h; path = XHBarChat.h; sourceTree = "<group>"; };
		1388A649237131D200B06D2B /* XHChartHelper.m */ = {isa = PBXFileReference; fileEncoding = 4; lastKnownFileType = sourcecode.c.objc; path = XHChartHelper.m; sourceTree = "<group>"; };
		1388A64A237131D200B06D2B /* XHPieChartSliceLayer.h */ = {isa = PBXFileReference; fileEncoding = 4; lastKnownFileType = sourcecode.c.h; path = XHPieChartSliceLayer.h; sourceTree = "<group>"; };
		1388A64B237131D200B06D2B /* XHMeterChartView.h */ = {isa = PBXFileReference; fileEncoding = 4; lastKnownFileType = sourcecode.c.h; path = XHMeterChartView.h; sourceTree = "<group>"; };
		1388A64C237131D200B06D2B /* XHChat.m */ = {isa = PBXFileReference; fileEncoding = 4; lastKnownFileType = sourcecode.c.objc; path = XHChat.m; sourceTree = "<group>"; };
		1388A64E237131D200B06D2B /* XHAlertController.m */ = {isa = PBXFileReference; fileEncoding = 4; lastKnownFileType = sourcecode.c.objc; path = XHAlertController.m; sourceTree = "<group>"; };
		1388A64F237131D200B06D2B /* XHAlertController.h */ = {isa = PBXFileReference; fileEncoding = 4; lastKnownFileType = sourcecode.c.h; path = XHAlertController.h; sourceTree = "<group>"; };
		1388A651237131D200B06D2B /* XHDropDownMenu.h */ = {isa = PBXFileReference; fileEncoding = 4; lastKnownFileType = sourcecode.c.h; path = XHDropDownMenu.h; sourceTree = "<group>"; };
		1388A652237131D200B06D2B /* XHDropDownMenu.m */ = {isa = PBXFileReference; fileEncoding = 4; lastKnownFileType = sourcecode.c.objc; path = XHDropDownMenu.m; sourceTree = "<group>"; };
		1388A655237131D200B06D2B /* XHAdjustmentImageButton.h */ = {isa = PBXFileReference; fileEncoding = 4; lastKnownFileType = sourcecode.c.h; path = XHAdjustmentImageButton.h; sourceTree = "<group>"; };
		1388A656237131D200B06D2B /* XHAdjustmentImageButton.m */ = {isa = PBXFileReference; fileEncoding = 4; lastKnownFileType = sourcecode.c.objc; path = XHAdjustmentImageButton.m; sourceTree = "<group>"; };
		1388A671237151EC00B06D2B /* XHContainerControl.h */ = {isa = PBXFileReference; fileEncoding = 4; lastKnownFileType = sourcecode.c.h; path = XHContainerControl.h; sourceTree = "<group>"; };
		1388A672237151EC00B06D2B /* XHContainerControl.m */ = {isa = PBXFileReference; fileEncoding = 4; lastKnownFileType = sourcecode.c.objc; path = XHContainerControl.m; sourceTree = "<group>"; };
		1388A6742371543F00B06D2B /* XiangHongUIKit.podspec */ = {isa = PBXFileReference; fileEncoding = 4; lastKnownFileType = text; name = XiangHongUIKit.podspec; path = ../../XiangHongUIKit.podspec; sourceTree = "<group>"; };
		1388A67A2371752F00B06D2B /* XHPickerView.m */ = {isa = PBXFileReference; fileEncoding = 4; lastKnownFileType = sourcecode.c.objc; path = XHPickerView.m; sourceTree = "<group>"; };
		1388A67B2371752F00B06D2B /* XHPickerView.h */ = {isa = PBXFileReference; fileEncoding = 4; lastKnownFileType = sourcecode.c.h; path = XHPickerView.h; sourceTree = "<group>"; };
		1388A67C2371752F00B06D2B /* XHDatePicker.h */ = {isa = PBXFileReference; fileEncoding = 4; lastKnownFileType = sourcecode.c.h; path = XHDatePicker.h; sourceTree = "<group>"; };
		1388A67D2371752F00B06D2B /* XHDatePicker.m */ = {isa = PBXFileReference; fileEncoding = 4; lastKnownFileType = sourcecode.c.objc; path = XHDatePicker.m; sourceTree = "<group>"; };
		1388A67E2371752F00B06D2B /* XHPopupSectionMenu.m */ = {isa = PBXFileReference; fileEncoding = 4; lastKnownFileType = sourcecode.c.objc; path = XHPopupSectionMenu.m; sourceTree = "<group>"; };
		1388A67F2371752F00B06D2B /* XHPopupMenu.m */ = {isa = PBXFileReference; fileEncoding = 4; lastKnownFileType = sourcecode.c.objc; path = XHPopupMenu.m; sourceTree = "<group>"; };
		1388A6802371752F00B06D2B /* XHPopupSectionMenu.h */ = {isa = PBXFileReference; fileEncoding = 4; lastKnownFileType = sourcecode.c.h; path = XHPopupSectionMenu.h; sourceTree = "<group>"; };
		1388A6812371752F00B06D2B /* XHPopupMenu.h */ = {isa = PBXFileReference; fileEncoding = 4; lastKnownFileType = sourcecode.c.h; path = XHPopupMenu.h; sourceTree = "<group>"; };
		1388A68923717FBF00B06D2B /* XHSecondMenu.h */ = {isa = PBXFileReference; fileEncoding = 4; lastKnownFileType = sourcecode.c.h; path = XHSecondMenu.h; sourceTree = "<group>"; };
		1388A68A23717FBF00B06D2B /* XHSecondMenu.m */ = {isa = PBXFileReference; fileEncoding = 4; lastKnownFileType = sourcecode.c.objc; path = XHSecondMenu.m; sourceTree = "<group>"; };
		1388A68C2371818900B06D2B /* XHUIKitDefines.h */ = {isa = PBXFileReference; lastKnownFileType = sourcecode.c.h; name = XHUIKitDefines.h; path = ../../XHUIKitDefines.h; sourceTree = "<group>"; };
		1388A68D2371818900B06D2B /* XHUIKit.h */ = {isa = PBXFileReference; lastKnownFileType = sourcecode.c.h; name = XHUIKit.h; path = ../../XHUIKit.h; sourceTree = "<group>"; };
		2D8166C6C2B0FEC72874377A /* Pods_XHUIKitDemo.framework */ = {isa = PBXFileReference; explicitFileType = wrapper.framework; includeInIndex = 0; path = Pods_XHUIKitDemo.framework; sourceTree = BUILT_PRODUCTS_DIR; };
		5A59EFCD946C70A8EE3CC014 /* Pods-XHUIKitDemo-XHUIKitDemoUITests.release.xcconfig */ = {isa = PBXFileReference; includeInIndex = 1; lastKnownFileType = text.xcconfig; name = "Pods-XHUIKitDemo-XHUIKitDemoUITests.release.xcconfig"; path = "Target Support Files/Pods-XHUIKitDemo-XHUIKitDemoUITests/Pods-XHUIKitDemo-XHUIKitDemoUITests.release.xcconfig"; sourceTree = "<group>"; };
		76BD8E3F15F745C6D0E389B9 /* Pods-XHUIKitDemo-XHUIKitDemoUITests.debug.xcconfig */ = {isa = PBXFileReference; includeInIndex = 1; lastKnownFileType = text.xcconfig; name = "Pods-XHUIKitDemo-XHUIKitDemoUITests.debug.xcconfig"; path = "Target Support Files/Pods-XHUIKitDemo-XHUIKitDemoUITests/Pods-XHUIKitDemo-XHUIKitDemoUITests.debug.xcconfig"; sourceTree = "<group>"; };
		8E569A897872AA52E9D2C495 /* Pods_XHUIKitDemo_XHUIKitDemoUITests.framework */ = {isa = PBXFileReference; explicitFileType = wrapper.framework; includeInIndex = 0; path = Pods_XHUIKitDemo_XHUIKitDemoUITests.framework; sourceTree = BUILT_PRODUCTS_DIR; };
		C8DC96784D9B4ECE16C40673 /* Pods-XHUIKitDemoTests.debug.xcconfig */ = {isa = PBXFileReference; includeInIndex = 1; lastKnownFileType = text.xcconfig; name = "Pods-XHUIKitDemoTests.debug.xcconfig"; path = "Target Support Files/Pods-XHUIKitDemoTests/Pods-XHUIKitDemoTests.debug.xcconfig"; sourceTree = "<group>"; };
		CE5B2C36126F51E24C2323DA /* Pods-XHUIKitDemo.release.xcconfig */ = {isa = PBXFileReference; includeInIndex = 1; lastKnownFileType = text.xcconfig; name = "Pods-XHUIKitDemo.release.xcconfig"; path = "Target Support Files/Pods-XHUIKitDemo/Pods-XHUIKitDemo.release.xcconfig"; sourceTree = "<group>"; };
		ED9D99B740C54C0C8776B8F5 /* Pods-XHUIKitDemoTests.release.xcconfig */ = {isa = PBXFileReference; includeInIndex = 1; lastKnownFileType = text.xcconfig; name = "Pods-XHUIKitDemoTests.release.xcconfig"; path = "Target Support Files/Pods-XHUIKitDemoTests/Pods-XHUIKitDemoTests.release.xcconfig"; sourceTree = "<group>"; };
		FCA68A859769D8BA36AA5D35 /* Pods_XHUIKitDemoTests.framework */ = {isa = PBXFileReference; explicitFileType = wrapper.framework; includeInIndex = 0; path = Pods_XHUIKitDemoTests.framework; sourceTree = BUILT_PRODUCTS_DIR; };
		FD5ACA2EBE4B82DD1A5E3630 /* Pods-XHUIKitDemo.debug.xcconfig */ = {isa = PBXFileReference; includeInIndex = 1; lastKnownFileType = text.xcconfig; name = "Pods-XHUIKitDemo.debug.xcconfig"; path = "Target Support Files/Pods-XHUIKitDemo/Pods-XHUIKitDemo.debug.xcconfig"; sourceTree = "<group>"; };
/* End PBXFileReference section */

/* Begin PBXFrameworksBuildPhase section */
		1388A5D92371313B00B06D2B /* Frameworks */ = {
			isa = PBXFrameworksBuildPhase;
			buildActionMask = 2147483647;
			files = (
				AC5159A502407FD0A5E27AD1 /* Pods_XHUIKitDemo.framework in Frameworks */,
			);
			runOnlyForDeploymentPostprocessing = 0;
		};
		1388A5F42371313D00B06D2B /* Frameworks */ = {
			isa = PBXFrameworksBuildPhase;
			buildActionMask = 2147483647;
			files = (
				0A1C4D10FB36C1BD5B930259 /* Pods_XHUIKitDemoTests.framework in Frameworks */,
			);
			runOnlyForDeploymentPostprocessing = 0;
		};
		1388A5FF2371313D00B06D2B /* Frameworks */ = {
			isa = PBXFrameworksBuildPhase;
			buildActionMask = 2147483647;
			files = (
				281871E73C29A19799D8D998 /* Pods_XHUIKitDemo_XHUIKitDemoUITests.framework in Frameworks */,
			);
			runOnlyForDeploymentPostprocessing = 0;
		};
/* End PBXFrameworksBuildPhase section */

/* Begin PBXGroup section */
		1388A5D32371313B00B06D2B = {
			isa = PBXGroup;
			children = (
				1388A5DE2371313B00B06D2B /* XHUIKitDemo */,
				1388A5FA2371313D00B06D2B /* XHUIKitDemoTests */,
				1388A6052371313D00B06D2B /* XHUIKitDemoUITests */,
				1388A5DD2371313B00B06D2B /* Products */,
				DE11C5EA84A7C75BEB0462AC /* Pods */,
				9D422C515005594D1D23725D /* Frameworks */,
			);
			sourceTree = "<group>";
		};
		1388A5DD2371313B00B06D2B /* Products */ = {
			isa = PBXGroup;
			children = (
				1388A5DC2371313B00B06D2B /* XHUIKitDemo.app */,
				1388A5F72371313D00B06D2B /* XHUIKitDemoTests.xctest */,
				1388A6022371313D00B06D2B /* XHUIKitDemoUITests.xctest */,
			);
			name = Products;
			sourceTree = "<group>";
		};
		1388A5DE2371313B00B06D2B /* XHUIKitDemo */ = {
			isa = PBXGroup;
			children = (
				1388A614237131D200B06D2B /* UIComponent */,
				1388A68D2371818900B06D2B /* XHUIKit.h */,
				1388A68C2371818900B06D2B /* XHUIKitDefines.h */,
				1388A5DF2371313B00B06D2B /* AppDelegate.h */,
				1388A5E02371313B00B06D2B /* AppDelegate.m */,
				1388A5E22371313B00B06D2B /* SceneDelegate.h */,
				1388A5E32371313B00B06D2B /* SceneDelegate.m */,
				1388A5E52371313B00B06D2B /* ViewController.h */,
				1388A5E62371313B00B06D2B /* ViewController.m */,
				1388A5E82371313B00B06D2B /* Main.storyboard */,
				1388A6742371543F00B06D2B /* XiangHongUIKit.podspec */,
				1388A5EB2371313C00B06D2B /* Assets.xcassets */,
				1388A5ED2371313C00B06D2B /* LaunchScreen.storyboard */,
				1388A5F02371313C00B06D2B /* Info.plist */,
				1388A5F12371313C00B06D2B /* main.m */,
			);
			path = XHUIKitDemo;
			sourceTree = "<group>";
		};
		1388A5FA2371313D00B06D2B /* XHUIKitDemoTests */ = {
			isa = PBXGroup;
			children = (
				1388A5FB2371313D00B06D2B /* XHUIKitDemoTests.m */,
				1388A5FD2371313D00B06D2B /* Info.plist */,
			);
			path = XHUIKitDemoTests;
			sourceTree = "<group>";
		};
		1388A6052371313D00B06D2B /* XHUIKitDemoUITests */ = {
			isa = PBXGroup;
			children = (
				1388A6062371313D00B06D2B /* XHUIKitDemoUITests.m */,
				1388A6082371313D00B06D2B /* Info.plist */,
			);
			path = XHUIKitDemoUITests;
			sourceTree = "<group>";
		};
		1388A614237131D200B06D2B /* UIComponent */ = {
			isa = PBXGroup;
			children = (
				1388A635237131D200B06D2B /* Theme */,
				1388A624237131D200B06D2B /* UILabel */,
				1388A64D237131D200B06D2B /* XHAlertController */,
				1388A654237131D200B06D2B /* XHButton */,
				1388A63E237131D200B06D2B /* XHChart */,
				1388A615237131D200B06D2B /* XHContainer */,
				1388A650237131D200B06D2B /* XHDropDownMenu */,
				1388A62C237131D200B06D2B /* XHHorizontalMenu */,
				1388A630237131D200B06D2B /* XHProgressView */,
				1388A628237131D200B06D2B /* XHTextView */,
				1388A62B237131D200B06D2B /* xhkit.ui.bundle */,
			);
			name = UIComponent;
			path = ../../UIComponent;
			sourceTree = "<group>";
		};
		1388A615237131D200B06D2B /* XHContainer */ = {
			isa = PBXGroup;
			children = (
				1388A671237151EC00B06D2B /* XHContainerControl.h */,
				1388A672237151EC00B06D2B /* XHContainerControl.m */,
				1388A67C2371752F00B06D2B /* XHDatePicker.h */,
				1388A67D2371752F00B06D2B /* XHDatePicker.m */,
				1388A67B2371752F00B06D2B /* XHPickerView.h */,
				1388A67A2371752F00B06D2B /* XHPickerView.m */,
				1388A6812371752F00B06D2B /* XHPopupMenu.h */,
				1388A67F2371752F00B06D2B /* XHPopupMenu.m */,
				1388A6802371752F00B06D2B /* XHPopupSectionMenu.h */,
				1388A67E2371752F00B06D2B /* XHPopupSectionMenu.m */,
				1388A68923717FBF00B06D2B /* XHSecondMenu.h */,
				1388A68A23717FBF00B06D2B /* XHSecondMenu.m */,
			);
			path = XHContainer;
			sourceTree = "<group>";
		};
		1388A624237131D200B06D2B /* UILabel */ = {
			isa = PBXGroup;
			children = (
				1388A626237131D200B06D2B /* XHDigitalAnimationLabel.h */,
				1388A625237131D200B06D2B /* XHDigitalAnimationLabel.m */,
			);
			path = UILabel;
			sourceTree = "<group>";
		};
		1388A628237131D200B06D2B /* XHTextView */ = {
			isa = PBXGroup;
			children = (
				1388A62A237131D200B06D2B /* XHTextView.h */,
				1388A629237131D200B06D2B /* XHTextView.m */,
			);
			path = XHTextView;
			sourceTree = "<group>";
		};
		1388A62C237131D200B06D2B /* XHHorizontalMenu */ = {
			isa = PBXGroup;
			children = (
				1388A62D237131D200B06D2B /* XHHorizontalMenuView.h */,
				1388A62E237131D200B06D2B /* XHHorizontalMenuView.m */,
			);
			path = XHHorizontalMenu;
			sourceTree = "<group>";
		};
		1388A630237131D200B06D2B /* XHProgressView */ = {
			isa = PBXGroup;
			children = (
				1388A631237131D200B06D2B /* XHCircleProgressView.h */,
				1388A633237131D200B06D2B /* XHCircleProgressView.m */,
				1388A634237131D200B06D2B /* XHCircleShapeLayer.h */,
				1388A632237131D200B06D2B /* XHCircleShapeLayer.m */,
			);
			path = XHProgressView;
			sourceTree = "<group>";
		};
		1388A635237131D200B06D2B /* Theme */ = {
			isa = PBXGroup;
			children = (
				1388A636237131D200B06D2B /* XHCommonThemeViewController.h */,
				1388A63B237131D200B06D2B /* XHCommonThemeViewController.m */,
				1388A638237131D200B06D2B /* XHThemeManager.h */,
				1388A63C237131D200B06D2B /* XHThemeManager.m */,
				1388A63A237131D200B06D2B /* XHThemeProtocol.h */,
				1388A63D237131D200B06D2B /* XHUIConfiguration.h */,
				1388A639237131D200B06D2B /* XHUIConfiguration.m */,
				1388A637237131D200B06D2B /* XHUIConfigurationThemeMacros.h */,
			);
			path = Theme;
			sourceTree = "<group>";
		};
		1388A63E237131D200B06D2B /* XHChart */ = {
			isa = PBXGroup;
			children = (
				1388A648237131D200B06D2B /* XHBarChat.h */,
				1388A643237131D200B06D2B /* XHBarChat.m */,
				1388A63F237131D200B06D2B /* XHBarChatElement.h */,
				1388A647237131D200B06D2B /* XHBarChatElement.m */,
				1388A644237131D200B06D2B /* XHChartHelper.h */,
				1388A649237131D200B06D2B /* XHChartHelper.m */,
				1388A645237131D200B06D2B /* XHChat.h */,
				1388A64C237131D200B06D2B /* XHChat.m */,
				1388A64B237131D200B06D2B /* XHMeterChartView.h */,
				1388A641237131D200B06D2B /* XHMeterChartView.m */,
				1388A640237131D200B06D2B /* XHPieChart.h */,
				1388A646237131D200B06D2B /* XHPieChart.m */,
				1388A64A237131D200B06D2B /* XHPieChartSliceLayer.h */,
				1388A642237131D200B06D2B /* XHPieChartSliceLayer.m */,
			);
			path = XHChart;
			sourceTree = "<group>";
		};
		1388A64D237131D200B06D2B /* XHAlertController */ = {
			isa = PBXGroup;
			children = (
				1388A64F237131D200B06D2B /* XHAlertController.h */,
				1388A64E237131D200B06D2B /* XHAlertController.m */,
			);
			path = XHAlertController;
			sourceTree = "<group>";
		};
		1388A650237131D200B06D2B /* XHDropDownMenu */ = {
			isa = PBXGroup;
			children = (
				1388A651237131D200B06D2B /* XHDropDownMenu.h */,
				1388A652237131D200B06D2B /* XHDropDownMenu.m */,
			);
			path = XHDropDownMenu;
			sourceTree = "<group>";
		};
		1388A654237131D200B06D2B /* XHButton */ = {
			isa = PBXGroup;
			children = (
				1388A655237131D200B06D2B /* XHAdjustmentImageButton.h */,
				1388A656237131D200B06D2B /* XHAdjustmentImageButton.m */,
			);
			path = XHButton;
			sourceTree = "<group>";
		};
		9D422C515005594D1D23725D /* Frameworks */ = {
			isa = PBXGroup;
			children = (
				2D8166C6C2B0FEC72874377A /* Pods_XHUIKitDemo.framework */,
				8E569A897872AA52E9D2C495 /* Pods_XHUIKitDemo_XHUIKitDemoUITests.framework */,
				FCA68A859769D8BA36AA5D35 /* Pods_XHUIKitDemoTests.framework */,
			);
			name = Frameworks;
			sourceTree = "<group>";
		};
		DE11C5EA84A7C75BEB0462AC /* Pods */ = {
			isa = PBXGroup;
			children = (
				FD5ACA2EBE4B82DD1A5E3630 /* Pods-XHUIKitDemo.debug.xcconfig */,
				CE5B2C36126F51E24C2323DA /* Pods-XHUIKitDemo.release.xcconfig */,
				76BD8E3F15F745C6D0E389B9 /* Pods-XHUIKitDemo-XHUIKitDemoUITests.debug.xcconfig */,
				5A59EFCD946C70A8EE3CC014 /* Pods-XHUIKitDemo-XHUIKitDemoUITests.release.xcconfig */,
				C8DC96784D9B4ECE16C40673 /* Pods-XHUIKitDemoTests.debug.xcconfig */,
				ED9D99B740C54C0C8776B8F5 /* Pods-XHUIKitDemoTests.release.xcconfig */,
			);
			path = Pods;
			sourceTree = "<group>";
		};
/* End PBXGroup section */

/* Begin PBXNativeTarget section */
		1388A5DB2371313B00B06D2B /* XHUIKitDemo */ = {
			isa = PBXNativeTarget;
			buildConfigurationList = 1388A60B2371313D00B06D2B /* Build configuration list for PBXNativeTarget "XHUIKitDemo" */;
			buildPhases = (
				6D7114A696AC4A914890FAA4 /* [CP] Check Pods Manifest.lock */,
				1388A5D82371313B00B06D2B /* Sources */,
				1388A5D92371313B00B06D2B /* Frameworks */,
				1388A5DA2371313B00B06D2B /* Resources */,
				95EF59271683DDD0D6089ECB /* [CP] Embed Pods Frameworks */,
			);
			buildRules = (
			);
			dependencies = (
			);
			name = XHUIKitDemo;
			productName = XHUIKitDemo;
			productReference = 1388A5DC2371313B00B06D2B /* XHUIKitDemo.app */;
			productType = "com.apple.product-type.application";
		};
		1388A5F62371313D00B06D2B /* XHUIKitDemoTests */ = {
			isa = PBXNativeTarget;
			buildConfigurationList = 1388A60E2371313D00B06D2B /* Build configuration list for PBXNativeTarget "XHUIKitDemoTests" */;
			buildPhases = (
				7F8BD3161A377C998AC562F9 /* [CP] Check Pods Manifest.lock */,
				1388A5F32371313D00B06D2B /* Sources */,
				1388A5F42371313D00B06D2B /* Frameworks */,
				1388A5F52371313D00B06D2B /* Resources */,
			);
			buildRules = (
			);
			dependencies = (
				1388A5F92371313D00B06D2B /* PBXTargetDependency */,
			);
			name = XHUIKitDemoTests;
			productName = XHUIKitDemoTests;
			productReference = 1388A5F72371313D00B06D2B /* XHUIKitDemoTests.xctest */;
			productType = "com.apple.product-type.bundle.unit-test";
		};
		1388A6012371313D00B06D2B /* XHUIKitDemoUITests */ = {
			isa = PBXNativeTarget;
			buildConfigurationList = 1388A6112371313D00B06D2B /* Build configuration list for PBXNativeTarget "XHUIKitDemoUITests" */;
			buildPhases = (
				3F35913A0B6C77D654A4F314 /* [CP] Check Pods Manifest.lock */,
				1388A5FE2371313D00B06D2B /* Sources */,
				1388A5FF2371313D00B06D2B /* Frameworks */,
				1388A6002371313D00B06D2B /* Resources */,
				933E7078FB47512DA8A0830E /* [CP] Embed Pods Frameworks */,
			);
			buildRules = (
			);
			dependencies = (
				1388A6042371313D00B06D2B /* PBXTargetDependency */,
			);
			name = XHUIKitDemoUITests;
			productName = XHUIKitDemoUITests;
			productReference = 1388A6022371313D00B06D2B /* XHUIKitDemoUITests.xctest */;
			productType = "com.apple.product-type.bundle.ui-testing";
		};
/* End PBXNativeTarget section */

/* Begin PBXProject section */
		1388A5D42371313B00B06D2B /* Project object */ = {
			isa = PBXProject;
			attributes = {
				LastUpgradeCheck = 1120;
				ORGANIZATIONNAME = "向洪";
				TargetAttributes = {
					1388A5DB2371313B00B06D2B = {
						CreatedOnToolsVersion = 11.2;
					};
					1388A5F62371313D00B06D2B = {
						CreatedOnToolsVersion = 11.2;
						TestTargetID = 1388A5DB2371313B00B06D2B;
					};
					1388A6012371313D00B06D2B = {
						CreatedOnToolsVersion = 11.2;
						TestTargetID = 1388A5DB2371313B00B06D2B;
					};
				};
			};
			buildConfigurationList = 1388A5D72371313B00B06D2B /* Build configuration list for PBXProject "XHUIKitDemo" */;
			compatibilityVersion = "Xcode 9.3";
			developmentRegion = en;
			hasScannedForEncodings = 0;
			knownRegions = (
				en,
				Base,
			);
			mainGroup = 1388A5D32371313B00B06D2B;
			productRefGroup = 1388A5DD2371313B00B06D2B /* Products */;
			projectDirPath = "";
			projectRoot = "";
			targets = (
				1388A5DB2371313B00B06D2B /* XHUIKitDemo */,
				1388A5F62371313D00B06D2B /* XHUIKitDemoTests */,
				1388A6012371313D00B06D2B /* XHUIKitDemoUITests */,
			);
		};
/* End PBXProject section */

/* Begin PBXResourcesBuildPhase section */
		1388A5DA2371313B00B06D2B /* Resources */ = {
			isa = PBXResourcesBuildPhase;
			buildActionMask = 2147483647;
			files = (
				1388A5EF2371313C00B06D2B /* LaunchScreen.storyboard in Resources */,
				1388A5EC2371313C00B06D2B /* Assets.xcassets in Resources */,
				1388A6752371543F00B06D2B /* XiangHongUIKit.podspec in Resources */,
				1388A5EA2371313B00B06D2B /* Main.storyboard in Resources */,
				1388A65E237131D200B06D2B /* xhkit.ui.bundle in Resources */,
			);
			runOnlyForDeploymentPostprocessing = 0;
		};
		1388A5F52371313D00B06D2B /* Resources */ = {
			isa = PBXResourcesBuildPhase;
			buildActionMask = 2147483647;
			files = (
			);
			runOnlyForDeploymentPostprocessing = 0;
		};
		1388A6002371313D00B06D2B /* Resources */ = {
			isa = PBXResourcesBuildPhase;
			buildActionMask = 2147483647;
			files = (
			);
			runOnlyForDeploymentPostprocessing = 0;
		};
/* End PBXResourcesBuildPhase section */

/* Begin PBXShellScriptBuildPhase section */
		3F35913A0B6C77D654A4F314 /* [CP] Check Pods Manifest.lock */ = {
			isa = PBXShellScriptBuildPhase;
			buildActionMask = 2147483647;
			files = (
			);
			inputFileListPaths = (
			);
			inputPaths = (
				"${PODS_PODFILE_DIR_PATH}/Podfile.lock",
				"${PODS_ROOT}/Manifest.lock",
			);
			name = "[CP] Check Pods Manifest.lock";
			outputFileListPaths = (
			);
			outputPaths = (
				"$(DERIVED_FILE_DIR)/Pods-XHUIKitDemo-XHUIKitDemoUITests-checkManifestLockResult.txt",
			);
			runOnlyForDeploymentPostprocessing = 0;
			shellPath = /bin/sh;
			shellScript = "diff \"${PODS_PODFILE_DIR_PATH}/Podfile.lock\" \"${PODS_ROOT}/Manifest.lock\" > /dev/null\nif [ $? != 0 ] ; then\n    # print error to STDERR\n    echo \"error: The sandbox is not in sync with the Podfile.lock. Run 'pod install' or update your CocoaPods installation.\" >&2\n    exit 1\nfi\n# This output is used by Xcode 'outputs' to avoid re-running this script phase.\necho \"SUCCESS\" > \"${SCRIPT_OUTPUT_FILE_0}\"\n";
			showEnvVarsInLog = 0;
		};
		6D7114A696AC4A914890FAA4 /* [CP] Check Pods Manifest.lock */ = {
			isa = PBXShellScriptBuildPhase;
			buildActionMask = 2147483647;
			files = (
			);
			inputFileListPaths = (
			);
			inputPaths = (
				"${PODS_PODFILE_DIR_PATH}/Podfile.lock",
				"${PODS_ROOT}/Manifest.lock",
			);
			name = "[CP] Check Pods Manifest.lock";
			outputFileListPaths = (
			);
			outputPaths = (
				"$(DERIVED_FILE_DIR)/Pods-XHUIKitDemo-checkManifestLockResult.txt",
			);
			runOnlyForDeploymentPostprocessing = 0;
			shellPath = /bin/sh;
			shellScript = "diff \"${PODS_PODFILE_DIR_PATH}/Podfile.lock\" \"${PODS_ROOT}/Manifest.lock\" > /dev/null\nif [ $? != 0 ] ; then\n    # print error to STDERR\n    echo \"error: The sandbox is not in sync with the Podfile.lock. Run 'pod install' or update your CocoaPods installation.\" >&2\n    exit 1\nfi\n# This output is used by Xcode 'outputs' to avoid re-running this script phase.\necho \"SUCCESS\" > \"${SCRIPT_OUTPUT_FILE_0}\"\n";
			showEnvVarsInLog = 0;
		};
		7F8BD3161A377C998AC562F9 /* [CP] Check Pods Manifest.lock */ = {
			isa = PBXShellScriptBuildPhase;
			buildActionMask = 2147483647;
			files = (
			);
			inputFileListPaths = (
			);
			inputPaths = (
				"${PODS_PODFILE_DIR_PATH}/Podfile.lock",
				"${PODS_ROOT}/Manifest.lock",
			);
			name = "[CP] Check Pods Manifest.lock";
			outputFileListPaths = (
			);
			outputPaths = (
				"$(DERIVED_FILE_DIR)/Pods-XHUIKitDemoTests-checkManifestLockResult.txt",
			);
			runOnlyForDeploymentPostprocessing = 0;
			shellPath = /bin/sh;
			shellScript = "diff \"${PODS_PODFILE_DIR_PATH}/Podfile.lock\" \"${PODS_ROOT}/Manifest.lock\" > /dev/null\nif [ $? != 0 ] ; then\n    # print error to STDERR\n    echo \"error: The sandbox is not in sync with the Podfile.lock. Run 'pod install' or update your CocoaPods installation.\" >&2\n    exit 1\nfi\n# This output is used by Xcode 'outputs' to avoid re-running this script phase.\necho \"SUCCESS\" > \"${SCRIPT_OUTPUT_FILE_0}\"\n";
			showEnvVarsInLog = 0;
		};
		933E7078FB47512DA8A0830E /* [CP] Embed Pods Frameworks */ = {
			isa = PBXShellScriptBuildPhase;
			buildActionMask = 2147483647;
			files = (
			);
			inputFileListPaths = (
				"${PODS_ROOT}/Target Support Files/Pods-XHUIKitDemo-XHUIKitDemoUITests/Pods-XHUIKitDemo-XHUIKitDemoUITests-frameworks-${CONFIGURATION}-input-files.xcfilelist",
			);
			name = "[CP] Embed Pods Frameworks";
			outputFileListPaths = (
				"${PODS_ROOT}/Target Support Files/Pods-XHUIKitDemo-XHUIKitDemoUITests/Pods-XHUIKitDemo-XHUIKitDemoUITests-frameworks-${CONFIGURATION}-output-files.xcfilelist",
			);
			runOnlyForDeploymentPostprocessing = 0;
			shellPath = /bin/sh;
			shellScript = "\"${PODS_ROOT}/Target Support Files/Pods-XHUIKitDemo-XHUIKitDemoUITests/Pods-XHUIKitDemo-XHUIKitDemoUITests-frameworks.sh\"\n";
			showEnvVarsInLog = 0;
		};
		95EF59271683DDD0D6089ECB /* [CP] Embed Pods Frameworks */ = {
			isa = PBXShellScriptBuildPhase;
			buildActionMask = 2147483647;
			files = (
			);
			inputFileListPaths = (
				"${PODS_ROOT}/Target Support Files/Pods-XHUIKitDemo/Pods-XHUIKitDemo-frameworks-${CONFIGURATION}-input-files.xcfilelist",
			);
			name = "[CP] Embed Pods Frameworks";
			outputFileListPaths = (
				"${PODS_ROOT}/Target Support Files/Pods-XHUIKitDemo/Pods-XHUIKitDemo-frameworks-${CONFIGURATION}-output-files.xcfilelist",
			);
			runOnlyForDeploymentPostprocessing = 0;
			shellPath = /bin/sh;
			shellScript = "\"${PODS_ROOT}/Target Support Files/Pods-XHUIKitDemo/Pods-XHUIKitDemo-frameworks.sh\"\n";
			showEnvVarsInLog = 0;
		};
/* End PBXShellScriptBuildPhase section */

/* Begin PBXSourcesBuildPhase section */
		1388A5D82371313B00B06D2B /* Sources */ = {
			isa = PBXSourcesBuildPhase;
			buildActionMask = 2147483647;
			files = (
				1388A666237131D200B06D2B /* XHPieChartSliceLayer.m in Sources */,
				1388A66E237131D200B06D2B /* XHAdjustmentImageButton.m in Sources */,
				1388A5E72371313B00B06D2B /* ViewController.m in Sources */,
				1388A5E12371313B00B06D2B /* AppDelegate.m in Sources */,
				1388A663237131D200B06D2B /* XHCommonThemeViewController.m in Sources */,
				1388A660237131D200B06D2B /* XHCircleShapeLayer.m in Sources */,
				1388A66C237131D200B06D2B /* XHAlertController.m in Sources */,
				1388A66D237131D200B06D2B /* XHDropDownMenu.m in Sources */,
				1388A66A237131D200B06D2B /* XHChartHelper.m in Sources */,
				1388A6852371752F00B06D2B /* XHPopupMenu.m in Sources */,
				1388A65F237131D200B06D2B /* XHHorizontalMenuView.m in Sources */,
				1388A6822371752F00B06D2B /* XHPickerView.m in Sources */,
				1388A667237131D200B06D2B /* XHBarChat.m in Sources */,
				1388A668237131D200B06D2B /* XHPieChart.m in Sources */,
				1388A6832371752F00B06D2B /* XHDatePicker.m in Sources */,
				1388A5F22371313C00B06D2B /* main.m in Sources */,
				1388A669237131D200B06D2B /* XHBarChatElement.m in Sources */,
				1388A664237131D200B06D2B /* XHThemeManager.m in Sources */,
				1388A662237131D200B06D2B /* XHUIConfiguration.m in Sources */,
				1388A673237151EC00B06D2B /* XHContainerControl.m in Sources */,
				1388A665237131D200B06D2B /* XHMeterChartView.m in Sources */,
				1388A65D237131D200B06D2B /* XHTextView.m in Sources */,
				1388A68B23717FBF00B06D2B /* XHSecondMenu.m in Sources */,
				1388A6842371752F00B06D2B /* XHPopupSectionMenu.m in Sources */,
				1388A661237131D200B06D2B /* XHCircleProgressView.m in Sources */,
				1388A66B237131D200B06D2B /* XHChat.m in Sources */,
				1388A65C237131D200B06D2B /* XHDigitalAnimationLabel.m in Sources */,
				1388A5E42371313B00B06D2B /* SceneDelegate.m in Sources */,
			);
			runOnlyForDeploymentPostprocessing = 0;
		};
		1388A5F32371313D00B06D2B /* Sources */ = {
			isa = PBXSourcesBuildPhase;
			buildActionMask = 2147483647;
			files = (
				1388A5FC2371313D00B06D2B /* XHUIKitDemoTests.m in Sources */,
			);
			runOnlyForDeploymentPostprocessing = 0;
		};
		1388A5FE2371313D00B06D2B /* Sources */ = {
			isa = PBXSourcesBuildPhase;
			buildActionMask = 2147483647;
			files = (
				1388A6072371313D00B06D2B /* XHUIKitDemoUITests.m in Sources */,
			);
			runOnlyForDeploymentPostprocessing = 0;
		};
/* End PBXSourcesBuildPhase section */

/* Begin PBXTargetDependency section */
		1388A5F92371313D00B06D2B /* PBXTargetDependency */ = {
			isa = PBXTargetDependency;
			target = 1388A5DB2371313B00B06D2B /* XHUIKitDemo */;
			targetProxy = 1388A5F82371313D00B06D2B /* PBXContainerItemProxy */;
		};
		1388A6042371313D00B06D2B /* PBXTargetDependency */ = {
			isa = PBXTargetDependency;
			target = 1388A5DB2371313B00B06D2B /* XHUIKitDemo */;
			targetProxy = 1388A6032371313D00B06D2B /* PBXContainerItemProxy */;
		};
/* End PBXTargetDependency section */

/* Begin PBXVariantGroup section */
		1388A5E82371313B00B06D2B /* Main.storyboard */ = {
			isa = PBXVariantGroup;
			children = (
				1388A5E92371313B00B06D2B /* Base */,
			);
			name = Main.storyboard;
			sourceTree = "<group>";
		};
		1388A5ED2371313C00B06D2B /* LaunchScreen.storyboard */ = {
			isa = PBXVariantGroup;
			children = (
				1388A5EE2371313C00B06D2B /* Base */,
			);
			name = LaunchScreen.storyboard;
			sourceTree = "<group>";
		};
/* End PBXVariantGroup section */

/* Begin XCBuildConfiguration section */
		1388A6092371313D00B06D2B /* Debug */ = {
			isa = XCBuildConfiguration;
			buildSettings = {
				ALWAYS_SEARCH_USER_PATHS = NO;
				CLANG_ANALYZER_NONNULL = YES;
				CLANG_ANALYZER_NUMBER_OBJECT_CONVERSION = YES_AGGRESSIVE;
				CLANG_CXX_LANGUAGE_STANDARD = "gnu++14";
				CLANG_CXX_LIBRARY = "libc++";
				CLANG_ENABLE_MODULES = YES;
				CLANG_ENABLE_OBJC_ARC = YES;
				CLANG_ENABLE_OBJC_WEAK = YES;
				CLANG_WARN_BLOCK_CAPTURE_AUTORELEASING = YES;
				CLANG_WARN_BOOL_CONVERSION = YES;
				CLANG_WARN_COMMA = YES;
				CLANG_WARN_CONSTANT_CONVERSION = YES;
				CLANG_WARN_DEPRECATED_OBJC_IMPLEMENTATIONS = YES;
				CLANG_WARN_DIRECT_OBJC_ISA_USAGE = YES_ERROR;
				CLANG_WARN_DOCUMENTATION_COMMENTS = YES;
				CLANG_WARN_EMPTY_BODY = YES;
				CLANG_WARN_ENUM_CONVERSION = YES;
				CLANG_WARN_INFINITE_RECURSION = YES;
				CLANG_WARN_INT_CONVERSION = YES;
				CLANG_WARN_NON_LITERAL_NULL_CONVERSION = YES;
				CLANG_WARN_OBJC_IMPLICIT_RETAIN_SELF = YES;
				CLANG_WARN_OBJC_LITERAL_CONVERSION = YES;
				CLANG_WARN_OBJC_ROOT_CLASS = YES_ERROR;
				CLANG_WARN_RANGE_LOOP_ANALYSIS = YES;
				CLANG_WARN_STRICT_PROTOTYPES = YES;
				CLANG_WARN_SUSPICIOUS_MOVE = YES;
				CLANG_WARN_UNGUARDED_AVAILABILITY = YES_AGGRESSIVE;
				CLANG_WARN_UNREACHABLE_CODE = YES;
				CLANG_WARN__DUPLICATE_METHOD_MATCH = YES;
				COPY_PHASE_STRIP = NO;
				DEBUG_INFORMATION_FORMAT = dwarf;
				ENABLE_STRICT_OBJC_MSGSEND = YES;
				ENABLE_TESTABILITY = YES;
				GCC_C_LANGUAGE_STANDARD = gnu11;
				GCC_DYNAMIC_NO_PIC = NO;
				GCC_NO_COMMON_BLOCKS = YES;
				GCC_OPTIMIZATION_LEVEL = 0;
				GCC_PREPROCESSOR_DEFINITIONS = (
					"DEBUG=1",
					"$(inherited)",
				);
				GCC_WARN_64_TO_32_BIT_CONVERSION = YES;
				GCC_WARN_ABOUT_RETURN_TYPE = YES_ERROR;
				GCC_WARN_UNDECLARED_SELECTOR = YES;
				GCC_WARN_UNINITIALIZED_AUTOS = YES_AGGRESSIVE;
				GCC_WARN_UNUSED_FUNCTION = YES;
				GCC_WARN_UNUSED_VARIABLE = YES;
				IPHONEOS_DEPLOYMENT_TARGET = 13.2;
				MTL_ENABLE_DEBUG_INFO = INCLUDE_SOURCE;
				MTL_FAST_MATH = YES;
				ONLY_ACTIVE_ARCH = YES;
				SDKROOT = iphoneos;
			};
			name = Debug;
		};
		1388A60A2371313D00B06D2B /* Release */ = {
			isa = XCBuildConfiguration;
			buildSettings = {
				ALWAYS_SEARCH_USER_PATHS = NO;
				CLANG_ANALYZER_NONNULL = YES;
				CLANG_ANALYZER_NUMBER_OBJECT_CONVERSION = YES_AGGRESSIVE;
				CLANG_CXX_LANGUAGE_STANDARD = "gnu++14";
				CLANG_CXX_LIBRARY = "libc++";
				CLANG_ENABLE_MODULES = YES;
				CLANG_ENABLE_OBJC_ARC = YES;
				CLANG_ENABLE_OBJC_WEAK = YES;
				CLANG_WARN_BLOCK_CAPTURE_AUTORELEASING = YES;
				CLANG_WARN_BOOL_CONVERSION = YES;
				CLANG_WARN_COMMA = YES;
				CLANG_WARN_CONSTANT_CONVERSION = YES;
				CLANG_WARN_DEPRECATED_OBJC_IMPLEMENTATIONS = YES;
				CLANG_WARN_DIRECT_OBJC_ISA_USAGE = YES_ERROR;
				CLANG_WARN_DOCUMENTATION_COMMENTS = YES;
				CLANG_WARN_EMPTY_BODY = YES;
				CLANG_WARN_ENUM_CONVERSION = YES;
				CLANG_WARN_INFINITE_RECURSION = YES;
				CLANG_WARN_INT_CONVERSION = YES;
				CLANG_WARN_NON_LITERAL_NULL_CONVERSION = YES;
				CLANG_WARN_OBJC_IMPLICIT_RETAIN_SELF = YES;
				CLANG_WARN_OBJC_LITERAL_CONVERSION = YES;
				CLANG_WARN_OBJC_ROOT_CLASS = YES_ERROR;
				CLANG_WARN_RANGE_LOOP_ANALYSIS = YES;
				CLANG_WARN_STRICT_PROTOTYPES = YES;
				CLANG_WARN_SUSPICIOUS_MOVE = YES;
				CLANG_WARN_UNGUARDED_AVAILABILITY = YES_AGGRESSIVE;
				CLANG_WARN_UNREACHABLE_CODE = YES;
				CLANG_WARN__DUPLICATE_METHOD_MATCH = YES;
				COPY_PHASE_STRIP = NO;
				DEBUG_INFORMATION_FORMAT = "dwarf-with-dsym";
				ENABLE_NS_ASSERTIONS = NO;
				ENABLE_STRICT_OBJC_MSGSEND = YES;
				GCC_C_LANGUAGE_STANDARD = gnu11;
				GCC_NO_COMMON_BLOCKS = YES;
				GCC_WARN_64_TO_32_BIT_CONVERSION = YES;
				GCC_WARN_ABOUT_RETURN_TYPE = YES_ERROR;
				GCC_WARN_UNDECLARED_SELECTOR = YES;
				GCC_WARN_UNINITIALIZED_AUTOS = YES_AGGRESSIVE;
				GCC_WARN_UNUSED_FUNCTION = YES;
				GCC_WARN_UNUSED_VARIABLE = YES;
				IPHONEOS_DEPLOYMENT_TARGET = 13.2;
				MTL_ENABLE_DEBUG_INFO = NO;
				MTL_FAST_MATH = YES;
				SDKROOT = iphoneos;
				VALIDATE_PRODUCT = YES;
			};
			name = Release;
		};
		1388A60C2371313D00B06D2B /* Debug */ = {
			isa = XCBuildConfiguration;
			baseConfigurationReference = FD5ACA2EBE4B82DD1A5E3630 /* Pods-XHUIKitDemo.debug.xcconfig */;
			buildSettings = {
				ASSETCATALOG_COMPILER_APPICON_NAME = AppIcon;
				CODE_SIGN_STYLE = Automatic;
				DEVELOPMENT_TEAM = 4F45EUUYEA;
				INFOPLIST_FILE = XHUIKitDemo/Info.plist;
				LD_RUNPATH_SEARCH_PATHS = (
					"$(inherited)",
					"@executable_path/Frameworks",
				);
				PRODUCT_BUNDLE_IDENTIFIER = com.xh.XHUIKitDemo;
				PRODUCT_NAME = "$(TARGET_NAME)";
				TARGETED_DEVICE_FAMILY = "1,2";
			};
			name = Debug;
		};
		1388A60D2371313D00B06D2B /* Release */ = {
			isa = XCBuildConfiguration;
			baseConfigurationReference = CE5B2C36126F51E24C2323DA /* Pods-XHUIKitDemo.release.xcconfig */;
			buildSettings = {
				ASSETCATALOG_COMPILER_APPICON_NAME = AppIcon;
				CODE_SIGN_STYLE = Automatic;
				DEVELOPMENT_TEAM = 4F45EUUYEA;
				INFOPLIST_FILE = XHUIKitDemo/Info.plist;
				LD_RUNPATH_SEARCH_PATHS = (
					"$(inherited)",
					"@executable_path/Frameworks",
				);
				PRODUCT_BUNDLE_IDENTIFIER = com.xh.XHUIKitDemo;
				PRODUCT_NAME = "$(TARGET_NAME)";
				TARGETED_DEVICE_FAMILY = "1,2";
			};
			name = Release;
		};
		1388A60F2371313D00B06D2B /* Debug */ = {
			isa = XCBuildConfiguration;
			baseConfigurationReference = C8DC96784D9B4ECE16C40673 /* Pods-XHUIKitDemoTests.debug.xcconfig */;
			buildSettings = {
				BUNDLE_LOADER = "$(TEST_HOST)";
				CODE_SIGN_STYLE = Automatic;
				DEVELOPMENT_TEAM = 4F45EUUYEA;
				INFOPLIST_FILE = XHUIKitDemoTests/Info.plist;
				IPHONEOS_DEPLOYMENT_TARGET = 13.2;
				LD_RUNPATH_SEARCH_PATHS = (
					"$(inherited)",
					"@executable_path/Frameworks",
					"@loader_path/Frameworks",
				);
				PRODUCT_BUNDLE_IDENTIFIER = com.xh.XHUIKitDemoTests;
				PRODUCT_NAME = "$(TARGET_NAME)";
				TARGETED_DEVICE_FAMILY = "1,2";
				TEST_HOST = "$(BUILT_PRODUCTS_DIR)/XHUIKitDemo.app/XHUIKitDemo";
			};
			name = Debug;
		};
		1388A6102371313D00B06D2B /* Release */ = {
			isa = XCBuildConfiguration;
			baseConfigurationReference = ED9D99B740C54C0C8776B8F5 /* Pods-XHUIKitDemoTests.release.xcconfig */;
			buildSettings = {
				BUNDLE_LOADER = "$(TEST_HOST)";
				CODE_SIGN_STYLE = Automatic;
				DEVELOPMENT_TEAM = 4F45EUUYEA;
				INFOPLIST_FILE = XHUIKitDemoTests/Info.plist;
				IPHONEOS_DEPLOYMENT_TARGET = 13.2;
				LD_RUNPATH_SEARCH_PATHS = (
					"$(inherited)",
					"@executable_path/Frameworks",
					"@loader_path/Frameworks",
				);
				PRODUCT_BUNDLE_IDENTIFIER = com.xh.XHUIKitDemoTests;
				PRODUCT_NAME = "$(TARGET_NAME)";
				TARGETED_DEVICE_FAMILY = "1,2";
				TEST_HOST = "$(BUILT_PRODUCTS_DIR)/XHUIKitDemo.app/XHUIKitDemo";
			};
			name = Release;
		};
		1388A6122371313D00B06D2B /* Debug */ = {
			isa = XCBuildConfiguration;
			baseConfigurationReference = 76BD8E3F15F745C6D0E389B9 /* Pods-XHUIKitDemo-XHUIKitDemoUITests.debug.xcconfig */;
			buildSettings = {
				CODE_SIGN_STYLE = Automatic;
				DEVELOPMENT_TEAM = 4F45EUUYEA;
				INFOPLIST_FILE = XHUIKitDemoUITests/Info.plist;
				LD_RUNPATH_SEARCH_PATHS = (
					"$(inherited)",
					"@executable_path/Frameworks",
					"@loader_path/Frameworks",
				);
				PRODUCT_BUNDLE_IDENTIFIER = com.xh.XHUIKitDemoUITests;
				PRODUCT_NAME = "$(TARGET_NAME)";
				TARGETED_DEVICE_FAMILY = "1,2";
				TEST_TARGET_NAME = XHUIKitDemo;
			};
			name = Debug;
		};
		1388A6132371313D00B06D2B /* Release */ = {
			isa = XCBuildConfiguration;
			baseConfigurationReference = 5A59EFCD946C70A8EE3CC014 /* Pods-XHUIKitDemo-XHUIKitDemoUITests.release.xcconfig */;
			buildSettings = {
				CODE_SIGN_STYLE = Automatic;
				DEVELOPMENT_TEAM = 4F45EUUYEA;
				INFOPLIST_FILE = XHUIKitDemoUITests/Info.plist;
				LD_RUNPATH_SEARCH_PATHS = (
					"$(inherited)",
					"@executable_path/Frameworks",
					"@loader_path/Frameworks",
				);
				PRODUCT_BUNDLE_IDENTIFIER = com.xh.XHUIKitDemoUITests;
				PRODUCT_NAME = "$(TARGET_NAME)";
				TARGETED_DEVICE_FAMILY = "1,2";
				TEST_TARGET_NAME = XHUIKitDemo;
			};
			name = Release;
		};
/* End XCBuildConfiguration section */

/* Begin XCConfigurationList section */
		1388A5D72371313B00B06D2B /* Build configuration list for PBXProject "XHUIKitDemo" */ = {
			isa = XCConfigurationList;
			buildConfigurations = (
				1388A6092371313D00B06D2B /* Debug */,
				1388A60A2371313D00B06D2B /* Release */,
			);
			defaultConfigurationIsVisible = 0;
			defaultConfigurationName = Release;
		};
		1388A60B2371313D00B06D2B /* Build configuration list for PBXNativeTarget "XHUIKitDemo" */ = {
			isa = XCConfigurationList;
			buildConfigurations = (
				1388A60C2371313D00B06D2B /* Debug */,
				1388A60D2371313D00B06D2B /* Release */,
			);
			defaultConfigurationIsVisible = 0;
			defaultConfigurationName = Release;
		};
		1388A60E2371313D00B06D2B /* Build configuration list for PBXNativeTarget "XHUIKitDemoTests" */ = {
			isa = XCConfigurationList;
			buildConfigurations = (
				1388A60F2371313D00B06D2B /* Debug */,
				1388A6102371313D00B06D2B /* Release */,
			);
			defaultConfigurationIsVisible = 0;
			defaultConfigurationName = Release;
		};
		1388A6112371313D00B06D2B /* Build configuration list for PBXNativeTarget "XHUIKitDemoUITests" */ = {
			isa = XCConfigurationList;
			buildConfigurations = (
				1388A6122371313D00B06D2B /* Debug */,
				1388A6132371313D00B06D2B /* Release */,
			);
			defaultConfigurationIsVisible = 0;
			defaultConfigurationName = Release;
		};
/* End XCConfigurationList section */
	};
	rootObject = 1388A5D42371313B00B06D2B /* Project object */;
}
